
Microsoft Visual Studio Solution File, Format Version 12.00
# Visual Studio Version 17
VisualStudioVersion = 17.1.32421.90
MinimumVisualStudioVersion = 10.0.40219.1
Project("{FAE04EC0-301F-11D3-BF4B-00C04F79EFBC}") = "DiscountPriceExample", "DiscountPriceExample.csproj", "{4110B8B7-25FD-4B72-82B0-C974B19E90DF}"
EndProject
Global
	GlobalSection(SolutionConfigurationPlatforms) = preSolution
		Debug|Any CPU = Debug|Any CPU
		Release|Any CPU = Release|Any CPU
	EndGlobalSection
	GlobalSection(ProjectConfigurationPlatforms) = postSolution
		{4110B8B7-25FD-4B72-82B0-C974B19E90DF}.Debug|Any CPU.ActiveCfg = Debug|Any CPU
		{4110B8B7-25FD-4B72-82B0-C974B19E90DF}.Debug|Any CPU.Build.0 = Debug|Any CPU
		{4110B8B7-25FD-4B72-82B0-C974B19E90DF}.Release|Any CPU.ActiveCfg = Release|Any CPU
		{4110B8B7-25FD-4B72-82B0-C974B19E90DF}.Release|Any CPU.Build.0 = Release|Any CPU
	EndGlobalSection
	GlobalSection(SolutionProperties) = preSolution
		HideSolutionNode = FALSE
	EndGlobalSection
	GlobalSection(ExtensibilityGlobals) = postSolution
		SolutionGuid = {81C47508-19AF-4EC2-970A-896984EE3D49}
	EndGlobalSection
EndGlobal
